// !$*UTF8*$!
{
	archiveVersion = 1;
	classes = {
	};
	objectVersion = 50;
	objects = {

/* Begin PBXBuildFile section */
		CC741BEE248AB0F30023A4B0 /* AppDelegate.swift in Sources */ = {isa = PBXBuildFile; fileRef = CC741BED248AB0F30023A4B0 /* AppDelegate.swift */; };
		CC741BF0248AB0F30023A4B0 /* SceneDelegate.swift in Sources */ = {isa = PBXBuildFile; fileRef = CC741BEF248AB0F30023A4B0 /* SceneDelegate.swift */; };
		CC741BF2248AB0F30023A4B0 /* ViewController.swift in Sources */ = {isa = PBXBuildFile; fileRef = CC741BF1248AB0F30023A4B0 /* ViewController.swift */; };
		CC741BF5248AB0F30023A4B0 /* Main.storyboard in Resources */ = {isa = PBXBuildFile; fileRef = CC741BF3248AB0F30023A4B0 /* Main.storyboard */; };
		CC741BF8248AB0F30023A4B0 /* AutoLayout.xcdatamodeld in Sources */ = {isa = PBXBuildFile; fileRef = CC741BF6248AB0F30023A4B0 /* AutoLayout.xcdatamodeld */; };
		CC741BFA248AB0F60023A4B0 /* Assets.xcassets in Resources */ = {isa = PBXBuildFile; fileRef = CC741BF9248AB0F60023A4B0 /* Assets.xcassets */; };
		CC741BFD248AB0F60023A4B0 /* LaunchScreen.storyboard in Resources */ = {isa = PBXBuildFile; fileRef = CC741BFB248AB0F60023A4B0 /* LaunchScreen.storyboard */; };
		CC741C05248B0B1A0023A4B0 /* SwipingController.swift in Sources */ = {isa = PBXBuildFile; fileRef = CC741C04248B0B1A0023A4B0 /* SwipingController.swift */; };
		CC741C07248B47B50023A4B0 /* PageCell.swift in Sources */ = {isa = PBXBuildFile; fileRef = CC741C06248B47B50023A4B0 /* PageCell.swift */; };
		CC741C09248BBFC70023A4B0 /* Page.swift in Sources */ = {isa = PBXBuildFile; fileRef = CC741C08248BBFC70023A4B0 /* Page.swift */; };
		CC741C0C248BDA940023A4B0 /* SwipingControllerExtension.swift in Sources */ = {isa = PBXBuildFile; fileRef = CC741C0B248BDA940023A4B0 /* SwipingControllerExtension.swift */; };
		CC741C0E248BDB570023A4B0 /* Swipinghcontrooler+UICollectionView.swift in Sources */ = {isa = PBXBuildFile; fileRef = CC741C0D248BDB570023A4B0 /* Swipinghcontrooler+UICollectionView.swift */; };
/* End PBXBuildFile section */

/* Begin PBXFileReference section */
		CC741BEA248AB0F30023A4B0 /* AutoLayout.app */ = {isa = PBXFileReference; explicitFileType = wrapper.application; includeInIndex = 0; path = AutoLayout.app; sourceTree = BUILT_PRODUCTS_DIR; };
		CC741BED248AB0F30023A4B0 /* AppDelegate.swift */ = {isa = PBXFileReference; lastKnownFileType = sourcecode.swift; path = AppDelegate.swift; sourceTree = "<group>"; };
		CC741BEF248AB0F30023A4B0 /* SceneDelegate.swift */ = {isa = PBXFileReference; lastKnownFileType = sourcecode.swift; path = SceneDelegate.swift; sourceTree = "<group>"; };
		CC741BF1248AB0F30023A4B0 /* ViewController.swift */ = {isa = PBXFileReference; lastKnownFileType = sourcecode.swift; path = ViewController.swift; sourceTree = "<group>"; };
		CC741BF4248AB0F30023A4B0 /* Base */ = {isa = PBXFileReference; lastKnownFileType = file.storyboard; name = Base; path = Base.lproj/Main.storyboard; sourceTree = "<group>"; };
		CC741BF7248AB0F30023A4B0 /* AutoLayout.xcdatamodel */ = {isa = PBXFileReference; lastKnownFileType = wrapper.xcdatamodel; path = AutoLayout.xcdatamodel; sourceTree = "<group>"; };
		CC741BF9248AB0F60023A4B0 /* Assets.xcassets */ = {isa = PBXFileReference; lastKnownFileType = folder.assetcatalog; path = Assets.xcassets; sourceTree = "<group>"; };
		CC741BFC248AB0F60023A4B0 /* Base */ = {isa = PBXFileReference; lastKnownFileType = file.storyboard; name = Base; path = Base.lproj/LaunchScreen.storyboard; sourceTree = "<group>"; };
		CC741BFE248AB0F60023A4B0 /* Info.plist */ = {isa = PBXFileReference; lastKnownFileType = text.plist.xml; path = Info.plist; sourceTree = "<group>"; };
		CC741C04248B0B1A0023A4B0 /* SwipingController.swift */ = {isa = PBXFileReference; lastKnownFileType = sourcecode.swift; path = SwipingController.swift; sourceTree = "<group>"; };
		CC741C06248B47B50023A4B0 /* PageCell.swift */ = {isa = PBXFileReference; lastKnownFileType = sourcecode.swift; path = PageCell.swift; sourceTree = "<group>"; };
		CC741C08248BBFC70023A4B0 /* Page.swift */ = {isa = PBXFileReference; lastKnownFileType = sourcecode.swift; path = Page.swift; sourceTree = "<group>"; };
		CC741C0B248BDA940023A4B0 /* SwipingControllerExtension.swift */ = {isa = PBXFileReference; lastKnownFileType = sourcecode.swift; path = SwipingControllerExtension.swift; sourceTree = "<group>"; };
		CC741C0D248BDB570023A4B0 /* Swipinghcontrooler+UICollectionView.swift */ = {isa = PBXFileReference; lastKnownFileType = sourcecode.swift; path = "Swipinghcontrooler+UICollectionView.swift"; sourceTree = "<group>"; };
/* End PBXFileReference section */

/* Begin PBXFrameworksBuildPhase section */
		CC741BE7248AB0F30023A4B0 /* Frameworks */ = {
			isa = PBXFrameworksBuildPhase;
			buildActionMask = 2147483647;
			files = (
			);
			runOnlyForDeploymentPostprocessing = 0;
		};
/* End PBXFrameworksBuildPhase section */

/* Begin PBXGroup section */
		CC741BE1248AB0F30023A4B0 = {
			isa = PBXGroup;
			children = (
				CC741BEC248AB0F30023A4B0 /* AutoLayout */,
				CC741BEB248AB0F30023A4B0 /* Products */,
			);
			sourceTree = "<group>";
		};
		CC741BEB248AB0F30023A4B0 /* Products */ = {
			isa = PBXGroup;
			children = (
				CC741BEA248AB0F30023A4B0 /* AutoLayout.app */,
			);
			name = Products;
			sourceTree = "<group>";
		};
		CC741BEC248AB0F30023A4B0 /* AutoLayout */ = {
			isa = PBXGroup;
			children = (
				CC741BED248AB0F30023A4B0 /* AppDelegate.swift */,
				CC741BEF248AB0F30023A4B0 /* SceneDelegate.swift */,
				CC741BF1248AB0F30023A4B0 /* ViewController.swift */,
				CC741C04248B0B1A0023A4B0 /* SwipingController.swift */,
				CC741C0B248BDA940023A4B0 /* SwipingControllerExtension.swift */,
				CC741C06248B47B50023A4B0 /* PageCell.swift */,
				CC741C0D248BDB570023A4B0 /* Swipinghcontrooler+UICollectionView.swift */,
				CC741C0A248BBFCE0023A4B0 /* model */,
				CC741BF3248AB0F30023A4B0 /* Main.storyboard */,
				CC741BF9248AB0F60023A4B0 /* Assets.xcassets */,
				CC741BFB248AB0F60023A4B0 /* LaunchScreen.storyboard */,
				CC741BFE248AB0F60023A4B0 /* Info.plist */,
				CC741BF6248AB0F30023A4B0 /* AutoLayout.xcdatamodeld */,
			);
			path = AutoLayout;
			sourceTree = "<group>";
		};
		CC741C0A248BBFCE0023A4B0 /* model */ = {
			isa = PBXGroup;
			children = (
				CC741C08248BBFC70023A4B0 /* Page.swift */,
			);
			path = model;
			sourceTree = "<group>";
		};
/* End PBXGroup section */

/* Begin PBXNativeTarget section */
		CC741BE9248AB0F30023A4B0 /* AutoLayout */ = {
			isa = PBXNativeTarget;
			buildConfigurationList = CC741C01248AB0F60023A4B0 /* Build configuration list for PBXNativeTarget "AutoLayout" */;
			buildPhases = (
				CC741BE6248AB0F30023A4B0 /* Sources */,
				CC741BE7248AB0F30023A4B0 /* Frameworks */,
				CC741BE8248AB0F30023A4B0 /* Resources */,
			);
			buildRules = (
			);
			dependencies = (
			);
			name = AutoLayout;
			productName = AutoLayout;
			productReference = CC741BEA248AB0F30023A4B0 /* AutoLayout.app */;
			productType = "com.apple.product-type.application";
		};
/* End PBXNativeTarget section */

/* Begin PBXProject section */
		CC741BE2248AB0F30023A4B0 /* Project object */ = {
			isa = PBXProject;
			attributes = {
				LastSwiftUpdateCheck = 1150;
				LastUpgradeCheck = 1150;
				ORGANIZATIONNAME = "Darshan Patel";
				TargetAttributes = {
					CC741BE9248AB0F30023A4B0 = {
						CreatedOnToolsVersion = 11.5;
					};
				};
			};
			buildConfigurationList = CC741BE5248AB0F30023A4B0 /* Build configuration list for PBXProject "AutoLayout" */;
			compatibilityVersion = "Xcode 9.3";
			developmentRegion = en;
			hasScannedForEncodings = 0;
			knownRegions = (
				en,
				Base,
			);
			mainGroup = CC741BE1248AB0F30023A4B0;
			productRefGroup = CC741BEB248AB0F30023A4B0 /* Products */;
			projectDirPath = "";
			projectRoot = "";
			targets = (
				CC741BE9248AB0F30023A4B0 /* AutoLayout */,
			);
		};
/* End PBXProject section */

/* Begin PBXResourcesBuildPhase section */
		CC741BE8248AB0F30023A4B0 /* Resources */ = {
			isa = PBXResourcesBuildPhase;
			buildActionMask = 2147483647;
			files = (
				CC741BFD248AB0F60023A4B0 /* LaunchScreen.storyboard in Resources */,
				CC741BFA248AB0F60023A4B0 /* Assets.xcassets in Resources */,
				CC741BF5248AB0F30023A4B0 /* Main.storyboard in Resources */,
			);
			runOnlyForDeploymentPostprocessing = 0;
		};
/* End PBXResourcesBuildPhase section */

/* Begin PBXSourcesBuildPhase section */
		CC741BE6248AB0F30023A4B0 /* Sources */ = {
			isa = PBXSourcesBuildPhase;
			buildActionMask = 2147483647;
			files = (
				CC741BF2248AB0F30023A4B0 /* ViewController.swift in Sources */,
				CC741BEE248AB0F30023A4B0 /* AppDelegate.swift in Sources */,
				CC741C0C248BDA940023A4B0 /* SwipingControllerExtension.swift in Sources */,
				CC741C07248B47B50023A4B0 /* PageCell.swift in Sources */,
				CC741BF8248AB0F30023A4B0 /* AutoLayout.xcdatamodeld in Sources */,
				CC741C09248BBFC70023A4B0 /* Page.swift in Sources */,
				CC741C05248B0B1A0023A4B0 /* SwipingController.swift in Sources */,
				CC741C0E248BDB570023A4B0 /* Swipinghcontrooler+UICollectionView.swift in Sources */,
				CC741BF0248AB0F30023A4B0 /* SceneDelegate.swift in Sources */,
			);
			runOnlyForDeploymentPostprocessing = 0;
		};
/* End PBXSourcesBuildPhase section */

/* Begin PBXVariantGroup section */
		CC741BF3248AB0F30023A4B0 /* Main.storyboard */ = {
			isa = PBXVariantGroup;
			children = (
				CC741BF4248AB0F30023A4B0 /* Base */,
			);
			name = Main.storyboard;
			sourceTree = "<group>";
		};
		CC741BFB248AB0F60023A4B0 /* LaunchScreen.storyboard */ = {
			isa = PBXVariantGroup;
			children = (
				CC741BFC248AB0F60023A4B0 /* Base */,
			);
			name = LaunchScreen.storyboard;
			sourceTree = "<group>";
		};
/* End PBXVariantGroup section */

/* Begin XCBuildConfiguration section */
		CC741BFF248AB0F60023A4B0 /* Debug */ = {
			isa = XCBuildConfiguration;
			buildSettings = {
				ALWAYS_SEARCH_USER_PATHS = NO;
				CLANG_ANALYZER_NONNULL = YES;
				CLANG_ANALYZER_NUMBER_OBJECT_CONVERSION = YES_AGGRESSIVE;
				CLANG_CXX_LANGUAGE_STANDARD = "gnu++14";
				CLANG_CXX_LIBRARY = "libc++";
				CLANG_ENABLE_MODULES = YES;
				CLANG_ENABLE_OBJC_ARC = YES;
				CLANG_ENABLE_OBJC_WEAK = YES;
				CLANG_WARN_BLOCK_CAPTURE_AUTORELEASING = YES;
				CLANG_WARN_BOOL_CONVERSION = YES;
				CLANG_WARN_COMMA = YES;
				CLANG_WARN_CONSTANT_CONVERSION = YES;
				CLANG_WARN_DEPRECATED_OBJC_IMPLEMENTATIONS = YES;
				CLANG_WARN_DIRECT_OBJC_ISA_USAGE = YES_ERROR;
				CLANG_WARN_DOCUMENTATION_COMMENTS = YES;
				CLANG_WARN_EMPTY_BODY = YES;
				CLANG_WARN_ENUM_CONVERSION = YES;
				CLANG_WARN_INFINITE_RECURSION = YES;
				CLANG_WARN_INT_CONVERSION = YES;
				CLANG_WARN_NON_LITERAL_NULL_CONVERSION = YES;
				CLANG_WARN_OBJC_IMPLICIT_RETAIN_SELF = YES;
				CLANG_WARN_OBJC_LITERAL_CONVERSION = YES;
				CLANG_WARN_OBJC_ROOT_CLASS = YES_ERROR;
				CLANG_WARN_RANGE_LOOP_ANALYSIS = YES;
				CLANG_WARN_STRICT_PROTOTYPES = YES;
				CLANG_WARN_SUSPICIOUS_MOVE = YES;
				CLANG_WARN_UNGUARDED_AVAILABILITY = YES_AGGRESSIVE;
				CLANG_WARN_UNREACHABLE_CODE = YES;
				CLANG_WARN__DUPLICATE_METHOD_MATCH = YES;
				COPY_PHASE_STRIP = NO;
				DEBUG_INFORMATION_FORMAT = dwarf;
				ENABLE_STRICT_OBJC_MSGSEND = YES;
				ENABLE_TESTABILITY = YES;
				GCC_C_LANGUAGE_STANDARD = gnu11;
				GCC_DYNAMIC_NO_PIC = NO;
				GCC_NO_COMMON_BLOCKS = YES;
				GCC_OPTIMIZATION_LEVEL = 0;
				GCC_PREPROCESSOR_DEFINITIONS = (
					"DEBUG=1",
					"$(inherited)",
				);
				GCC_WARN_64_TO_32_BIT_CONVERSION = YES;
				GCC_WARN_ABOUT_RETURN_TYPE = YES_ERROR;
				GCC_WARN_UNDECLARED_SELECTOR = YES;
				GCC_WARN_UNINITIALIZED_AUTOS = YES_AGGRESSIVE;
				GCC_WARN_UNUSED_FUNCTION = YES;
				GCC_WARN_UNUSED_VARIABLE = YES;
				IPHONEOS_DEPLOYMENT_TARGET = 13.5;
				MTL_ENABLE_DEBUG_INFO = INCLUDE_SOURCE;
				MTL_FAST_MATH = YES;
				ONLY_ACTIVE_ARCH = YES;
				SDKROOT = iphoneos;
				SWIFT_ACTIVE_COMPILATION_CONDITIONS = DEBUG;
				SWIFT_OPTIMIZATION_LEVEL = "-Onone";
			};
			name = Debug;
		};
		CC741C00248AB0F60023A4B0 /* Release */ = {
			isa = XCBuildConfiguration;
			buildSettings = {
				ALWAYS_SEARCH_USER_PATHS = NO;
				CLANG_ANALYZER_NONNULL = YES;
				CLANG_ANALYZER_NUMBER_OBJECT_CONVERSION = YES_AGGRESSIVE;
				CLANG_CXX_LANGUAGE_STANDARD = "gnu++14";
				CLANG_CXX_LIBRARY = "libc++";
				CLANG_ENABLE_MODULES = YES;
				CLANG_ENABLE_OBJC_ARC = YES;
				CLANG_ENABLE_OBJC_WEAK = YES;
				CLANG_WARN_BLOCK_CAPTURE_AUTORELEASING = YES;
				CLANG_WARN_BOOL_CONVERSION = YES;
				CLANG_WARN_COMMA = YES;
				CLANG_WARN_CONSTANT_CONVERSION = YES;
				CLANG_WARN_DEPRECATED_OBJC_IMPLEMENTATIONS = YES;
				CLANG_WARN_DIRECT_OBJC_ISA_USAGE = YES_ERROR;
				CLANG_WARN_DOCUMENTATION_COMMENTS = YES;
				CLANG_WARN_EMPTY_BODY = YES;
				CLANG_WARN_ENUM_CONVERSION = YES;
				CLANG_WARN_INFINITE_RECURSION = YES;
				CLANG_WARN_INT_CONVERSION = YES;
				CLANG_WARN_NON_LITERAL_NULL_CONVERSION = YES;
				CLANG_WARN_OBJC_IMPLICIT_RETAIN_SELF = YES;
				CLANG_WARN_OBJC_LITERAL_CONVERSION = YES;
				CLANG_WARN_OBJC_ROOT_CLASS = YES_ERROR;
				CLANG_WARN_RANGE_LOOP_ANALYSIS = YES;
				CLANG_WARN_STRICT_PROTOTYPES = YES;
				CLANG_WARN_SUSPICIOUS_MOVE = YES;
				CLANG_WARN_UNGUARDED_AVAILABILITY = YES_AGGRESSIVE;
				CLANG_WARN_UNREACHABLE_CODE = YES;
				CLANG_WARN__DUPLICATE_METHOD_MATCH = YES;
				COPY_PHASE_STRIP = NO;
				DEBUG_INFORMATION_FORMAT = "dwarf-with-dsym";
				ENABLE_NS_ASSERTIONS = NO;
				ENABLE_STRICT_OBJC_MSGSEND = YES;
				GCC_C_LANGUAGE_STANDARD = gnu11;
				GCC_NO_COMMON_BLOCKS = YES;
				GCC_WARN_64_TO_32_BIT_CONVERSION = YES;
				GCC_WARN_ABOUT_RETURN_TYPE = YES_ERROR;
				GCC_WARN_UNDECLARED_SELECTOR = YES;
				GCC_WARN_UNINITIALIZED_AUTOS = YES_AGGRESSIVE;
				GCC_WARN_UNUSED_FUNCTION = YES;
				GCC_WARN_UNUSED_VARIABLE = YES;
				IPHONEOS_DEPLOYMENT_TARGET = 13.5;
				MTL_ENABLE_DEBUG_INFO = NO;
				MTL_FAST_MATH = YES;
				SDKROOT = iphoneos;
				SWIFT_COMPILATION_MODE = wholemodule;
				SWIFT_OPTIMIZATION_LEVEL = "-O";
				VALIDATE_PRODUCT = YES;
			};
			name = Release;
		};
		CC741C02248AB0F60023A4B0 /* Debug */ = {
			isa = XCBuildConfiguration;
			buildSettings = {
				ASSETCATALOG_COMPILER_APPICON_NAME = AppIcon;
				CODE_SIGN_STYLE = Automatic;
				INFOPLIST_FILE = AutoLayout/Info.plist;
				LD_RUNPATH_SEARCH_PATHS = (
					"$(inherited)",
					"@executable_path/Frameworks",
				);
				PRODUCT_BUNDLE_IDENTIFIER = com.darshan.AutoLayout;
				PRODUCT_NAME = "$(TARGET_NAME)";
				SWIFT_VERSION = 5.0;
				TARGETED_DEVICE_FAMILY = "1,2";
			};
			name = Debug;
		};
		CC741C03248AB0F60023A4B0 /* Release */ = {
			isa = XCBuildConfiguration;
			buildSettings = {
				ASSETCATALOG_COMPILER_APPICON_NAME = AppIcon;
				CODE_SIGN_STYLE = Automatic;
				INFOPLIST_FILE = AutoLayout/Info.plist;
				LD_RUNPATH_SEARCH_PATHS = (
					"$(inherited)",
					"@executable_path/Frameworks",
				);
				PRODUCT_BUNDLE_IDENTIFIER = com.darshan.AutoLayout;
				PRODUCT_NAME = "$(TARGET_NAME)";
				SWIFT_VERSION = 5.0;
				TARGETED_DEVICE_FAMILY = "1,2";
			};
			name = Release;
		};
/* End XCBuildConfiguration section */

/* Begin XCConfigurationList section */
		CC741BE5248AB0F30023A4B0 /* Build configuration list for PBXProject "AutoLayout" */ = {
			isa = XCConfigurationList;
			buildConfigurations = (
				CC741BFF248AB0F60023A4B0 /* Debug */,
				CC741C00248AB0F60023A4B0 /* Release */,
			);
			defaultConfigurationIsVisible = 0;
			defaultConfigurationName = Release;
		};
		CC741C01248AB0F60023A4B0 /* Build configuration list for PBXNativeTarget "AutoLayout" */ = {
			isa = XCConfigurationList;
			buildConfigurations = (
				CC741C02248AB0F60023A4B0 /* Debug */,
				CC741C03248AB0F60023A4B0 /* Release */,
			);
			defaultConfigurationIsVisible = 0;
			defaultConfigurationName = Release;
		};
/* End XCConfigurationList section */

/* Begin XCVersionGroup section */
		CC741BF6248AB0F30023A4B0 /* AutoLayout.xcdatamodeld */ = {
			isa = XCVersionGroup;
			children = (
				CC741BF7248AB0F30023A4B0 /* AutoLayout.xcdatamodel */,
			);
			currentVersion = CC741BF7248AB0F30023A4B0 /* AutoLayout.xcdatamodel */;
			path = AutoLayout.xcdatamodeld;
			sourceTree = "<group>";
			versionGroupType = wrapper.xcdatamodel;
		};
/* End XCVersionGroup section */
	};
	rootObject = CC741BE2248AB0F30023A4B0 /* Project object */;
}
